PODS:
  - AFNetworking (3.2.1):
    - AFNetworking/NSURLSession (= 3.2.1)
    - AFNetworking/Reachability (= 3.2.1)
    - AFNetworking/Security (= 3.2.1)
    - AFNetworking/Serialization (= 3.2.1)
    - AFNetworking/UIKit (= 3.2.1)
  - AFNetworking/NSURLSession (3.2.1):
    - AFNetworking/Reachability
    - AFNetworking/Security
    - AFNetworking/Serialization
  - AFNetworking/Reachability (3.2.1)
  - AFNetworking/Security (3.2.1)
  - AFNetworking/Serialization (3.2.1)
  - AFNetworking/UIKit (3.2.1):
    - AFNetworking/NSURLSession
  - LGBase (0.1.0)
  - LGCategory (0.1.0)
  - LGUtils (0.1.0)
  - MBProgressHUD (1.2.0)
  - SDWebImage (5.5.2):
    - SDWebImage/Core (= 5.5.2)
  - SDWebImage/Core (5.5.2)
  - YYKit (1.0.9):
    - YYKit/no-arc (= 1.0.9)
  - YYKit/no-arc (1.0.9)

DEPENDENCIES:
  - AFNetworking
  - LGBase (from `../`)
  - LGCategory (from `../../../LGLib/LGCategory`)
  - LGUtils (from `../../../LGLib/LGUtils`)
  - MBProgressHUD
  - SDWebImage
  - YYKit

SPEC REPOS:
  https://mirrors.tuna.tsinghua.edu.cn/git/CocoaPods/Specs.git:
    - MBProgressHUD
    - SDWebImage
    - YYKit
  trunk:
    - AFNetworking

EXTERNAL SOURCES:
  LGBase:
    :path: "../"
  LGCategory:
    :path: "../../../LGLib/LGCategory"
  LGUtils:
    :path: "../../../LGLib/LGUtils"

SPEC CHECKSUMS:
  AFNetworking: b6f891fdfaed196b46c7a83cf209e09697b94057
  LGBase: faf3a320b773850e91eae45f3d43c199212451c0
  LGCategory: b8419e24bf2f21e127479483ea30701161049ad8
  LGUtils: 60f6137923136b75396efc0fd0ca2e1710dab27b
  MBProgressHUD: 3ee5efcc380f6a79a7cc9b363dd669c5e1ae7406
  SDWebImage: 4d5c027c935438f341ed33dbac53ff9f479922ca
  YYKit: 7cda43304a8dc3696c449041e2cb3107b4e236e7

PODFILE CHECKSUM: c7231832584a88b7fe7b4212021483d2a5b3818a

COCOAPODS: 1.8.4
